// !$*UTF8*$!
{
	archiveVersion = 1;
	classes = {
	};
	objectVersion = 46;
	objects = {

/* Begin PBXBuildFile section */
		AE9986731DDF098600C791EB /* AppDelegate.swift in Sources */ = {isa = PBXBuildFile; fileRef = AE9986721DDF098600C791EB /* AppDelegate.swift */; };
		AE9986751DDF098600C791EB /* ViewController.swift in Sources */ = {isa = PBXBuildFile; fileRef = AE9986741DDF098600C791EB /* ViewController.swift */; };
		AE9986781DDF098600C791EB /* Main.storyboard in Resources */ = {isa = PBXBuildFile; fileRef = AE9986761DDF098600C791EB /* Main.storyboard */; };
		AE99867A1DDF098600C791EB /* Assets.xcassets in Resources */ = {isa = PBXBuildFile; fileRef = AE9986791DDF098600C791EB /* Assets.xcassets */; };
		AE99867D1DDF098600C791EB /* LaunchScreen.storyboard in Resources */ = {isa = PBXBuildFile; fileRef = AE99867B1DDF098600C791EB /* LaunchScreen.storyboard */; };
/* End PBXBuildFile section */

/* Begin PBXFileReference section */
		AE99866F1DDF098600C791EB /* HapticFeedbackDemo.app */ = {isa = PBXFileReference; explicitFileType = wrapper.application; includeInIndex = 0; path = HapticFeedbackDemo.app; sourceTree = BUILT_PRODUCTS_DIR; };
		AE9986721DDF098600C791EB /* AppDelegate.swift */ = {isa = PBXFileReference; lastKnownFileType = sourcecode.swift; path = AppDelegate.swift; sourceTree = "<group>"; };
		AE9986741DDF098600C791EB /* ViewController.swift */ = {isa = PBXFileReference; lastKnownFileType = sourcecode.swift; path = ViewController.swift; sourceTree = "<group>"; };
		AE9986771DDF098600C791EB /* Base */ = {isa = PBXFileReference; lastKnownFileType = file.storyboard; name = Base; path = Base.lproj/Main.storyboard; sourceTree = "<group>"; };
		AE9986791DDF098600C791EB /* Assets.xcassets */ = {isa = PBXFileReference; lastKnownFileType = folder.assetcatalog; path = Assets.xcassets; sourceTree = "<group>"; };
		AE99867C1DDF098600C791EB /* Base */ = {isa = PBXFileReference; lastKnownFileType = file.storyboard; name = Base; path = Base.lproj/LaunchScreen.storyboard; sourceTree = "<group>"; };
		AE99867E1DDF098600C791EB /* Info.plist */ = {isa = PBXFileReference; lastKnownFileType = text.plist.xml; path = Info.plist; sourceTree = "<group>"; };
/* End PBXFileReference section */

/* Begin PBXFrameworksBuildPhase section */
		AE99866C1DDF098600C791EB /* Frameworks */ = {
			isa = PBXFrameworksBuildPhase;
			buildActionMask = 2147483647;
			files = (
			);
			runOnlyForDeploymentPostprocessing = 0;
		};
/* End PBXFrameworksBuildPhase section */

/* Begin PBXGroup section */
		AE9986661DDF098600C791EB = {
			isa = PBXGroup;
			children = (
				AE9986711DDF098600C791EB /* HapticFeedbackDemo */,
				AE9986701DDF098600C791EB /* Products */,
			);
			sourceTree = "<group>";
		};
		AE9986701DDF098600C791EB /* Products */ = {
			isa = PBXGroup;
			children = (
				AE99866F1DDF098600C791EB /* HapticFeedbackDemo.app */,
			);
			name = Products;
			sourceTree = "<group>";
		};
		AE9986711DDF098600C791EB /* HapticFeedbackDemo */ = {
			isa = PBXGroup;
			children = (
				AE9986721DDF098600C791EB /* AppDelegate.swift */,
				AE9986741DDF098600C791EB /* ViewController.swift */,
				AE9986761DDF098600C791EB /* Main.storyboard */,
				AE9986791DDF098600C791EB /* Assets.xcassets */,
				AE99867B1DDF098600C791EB /* LaunchScreen.storyboard */,
				AE99867E1DDF098600C791EB /* Info.plist */,
			);
			path = HapticFeedbackDemo;
			sourceTree = "<group>";
		};
/* End PBXGroup section */

/* Begin PBXNativeTarget section */
		AE99866E1DDF098600C791EB /* HapticFeedbackDemo */ = {
			isa = PBXNativeTarget;
			buildConfigurationList = AE9986811DDF098600C791EB /* Build configuration list for PBXNativeTarget "HapticFeedbackDemo" */;
			buildPhases = (
				AE99866B1DDF098600C791EB /* Sources */,
				AE99866C1DDF098600C791EB /* Frameworks */,
				AE99866D1DDF098600C791EB /* Resources */,
			);
			buildRules = (
			);
			dependencies = (
			);
			name = HapticFeedbackDemo;
			productName = HapticFeedbackDemo;
			productReference = AE99866F1DDF098600C791EB /* HapticFeedbackDemo.app */;
			productType = "com.apple.product-type.application";
		};
/* End PBXNativeTarget section */

/* Begin PBXProject section */
		AE9986671DDF098600C791EB /* Project object */ = {
			isa = PBXProject;
			attributes = {
				LastSwiftUpdateCheck = 0810;
				LastUpgradeCheck = 0820;
				ORGANIZATIONNAME = "Patrick Balestra";
				TargetAttributes = {
					AE99866E1DDF098600C791EB = {
						CreatedOnToolsVersion = 8.1;
						DevelopmentTeam = 2EZDW5DVTJ;
						ProvisioningStyle = Automatic;
					};
				};
			};
			buildConfigurationList = AE99866A1DDF098600C791EB /* Build configuration list for PBXProject "HapticFeedbackDemo" */;
			compatibilityVersion = "Xcode 3.2";
			developmentRegion = English;
			hasScannedForEncodings = 0;
			knownRegions = (
				en,
				Base,
			);
			mainGroup = AE9986661DDF098600C791EB;
			productRefGroup = AE9986701DDF098600C791EB /* Products */;
			projectDirPath = "";
			projectRoot = "";
			targets = (
				AE99866E1DDF098600C791EB /* HapticFeedbackDemo */,
			);
		};
/* End PBXProject section */

/* Begin PBXResourcesBuildPhase section */
		AE99866D1DDF098600C791EB /* Resources */ = {
			isa = PBXResourcesBuildPhase;
			buildActionMask = 2147483647;
			files = (
				AE99867D1DDF098600C791EB /* LaunchScreen.storyboard in Resources */,
				AE99867A1DDF098600C791EB /* Assets.xcassets in Resources */,
				AE9986781DDF098600C791EB /* Main.storyboard in Resources */,
			);
			runOnlyForDeploymentPostprocessing = 0;
		};
/* End PBXResourcesBuildPhase section */

/* Begin PBXSourcesBuildPhase section */
		AE99866B1DDF098600C791EB /* Sources */ = {
			isa = PBXSourcesBuildPhase;
			buildActionMask = 2147483647;
			files = (
				AE9986751DDF098600C791EB /* ViewController.swift in Sources */,
				AE9986731DDF098600C791EB /* AppDelegate.swift in Sources */,
			);
			runOnlyForDeploymentPostprocessing = 0;
		};
/* End PBXSourcesBuildPhase section */

/* Begin PBXVariantGroup section */
		AE9986761DDF098600C791EB /* Main.storyboard */ = {
			isa = PBXVariantGroup;
			children = (
				AE9986771DDF098600C791EB /* Base */,
			);
			name = Main.storyboard;
			sourceTree = "<group>";
		};
		AE99867B1DDF098600C791EB /* LaunchScreen.storyboard */ = {
			isa = PBXVariantGroup;
			children = (
				AE99867C1DDF098600C791EB /* Base */,
			);
			name = LaunchScreen.storyboard;
			sourceTree = "<group>";
		};
/* End PBXVariantGroup section */

/* Begin XCBuildConfiguration section */
		AE99867F1DDF098600C791EB /* Debug */ = {
			isa = XCBuildConfiguration;
			buildSettings = {
				ALWAYS_SEARCH_USER_PATHS = NO;
				CLANG_ANALYZER_NONNULL = YES;
				CLANG_CXX_LANGUAGE_STANDARD = "gnu++0x";
				CLANG_CXX_LIBRARY = "libc++";
				CLANG_ENABLE_MODULES = YES;
				CLANG_ENABLE_OBJC_ARC = YES;
				CLANG_WARN_BOOL_CONVERSION = YES;
				CLANG_WARN_CONSTANT_CONVERSION = YES;
				CLANG_WARN_DIRECT_OBJC_ISA_USAGE = YES_ERROR;
				CLANG_WARN_DOCUMENTATION_COMMENTS = YES;
				CLANG_WARN_EMPTY_BODY = YES;
				CLANG_WARN_ENUM_CONVERSION = YES;
				CLANG_WARN_INFINITE_RECURSION = YES;
				CLANG_WARN_INT_CONVERSION = YES;
				CLANG_WARN_OBJC_ROOT_CLASS = YES_ERROR;
				CLANG_WARN_SUSPICIOUS_MOVE = YES;
				CLANG_WARN_SUSPICIOUS_MOVES = YES;
				CLANG_WARN_UNREACHABLE_CODE = YES;
				CLANG_WARN__DUPLICATE_METHOD_MATCH = YES;
				"CODE_SIGN_IDENTITY[sdk=iphoneos*]" = "iPhone Developer";
				COPY_PHASE_STRIP = NO;
				DEBUG_INFORMATION_FORMAT = dwarf;
				ENABLE_STRICT_OBJC_MSGSEND = YES;
				ENABLE_TESTABILITY = YES;
				GCC_C_LANGUAGE_STANDARD = gnu99;
				GCC_DYNAMIC_NO_PIC = NO;
				GCC_NO_COMMON_BLOCKS = YES;
				GCC_OPTIMIZATION_LEVEL = 0;
				GCC_PREPROCESSOR_DEFINITIONS = (
					"DEBUG=1",
					"$(inherited)",
				);
				GCC_WARN_64_TO_32_BIT_CONVERSION = YES;
				GCC_WARN_ABOUT_RETURN_TYPE = YES_ERROR;
				GCC_WARN_UNDECLARED_SELECTOR = YES;
				GCC_WARN_UNINITIALIZED_AUTOS = YES_AGGRESSIVE;
				GCC_WARN_UNUSED_FUNCTION = YES;
				GCC_WARN_UNUSED_VARIABLE = YES;
				IPHONEOS_DEPLOYMENT_TARGET = 10.1;
				MTL_ENABLE_DEBUG_INFO = YES;
				ONLY_ACTIVE_ARCH = YES;
				SDKROOT = iphoneos;
				SWIFT_ACTIVE_COMPILATION_CONDITIONS = DEBUG;
				SWIFT_OPTIMIZATION_LEVEL = "-Onone";
			};
			name = Debug;
		};
		AE9986801DDF098600C791EB /* Release */ = {
			isa = XCBuildConfiguration;
			buildSettings = {
				ALWAYS_SEARCH_USER_PATHS = NO;
				CLANG_ANALYZER_NONNULL = YES;
				CLANG_CXX_LANGUAGE_STANDARD = "gnu++0x";
				CLANG_CXX_LIBRARY = "libc++";
				CLANG_ENABLE_MODULES = YES;
				CLANG_ENABLE_OBJC_ARC = YES;
				CLANG_WARN_BOOL_CONVERSION = YES;
				CLANG_WARN_CONSTANT_CONVERSION = YES;
				CLANG_WARN_DIRECT_OBJC_ISA_USAGE = YES_ERROR;
				CLANG_WARN_DOCUMENTATION_COMMENTS = YES;
				CLANG_WARN_EMPTY_BODY = YES;
				CLANG_WARN_ENUM_CONVERSION = YES;
				CLANG_WARN_INFINITE_RECURSION = YES;
				CLANG_WARN_INT_CONVERSION = YES;
				CLANG_WARN_OBJC_ROOT_CLASS = YES_ERROR;
				CLANG_WARN_SUSPICIOUS_MOVE = YES;
				CLANG_WARN_SUSPICIOUS_MOVES = YES;
				CLANG_WARN_UNREACHABLE_CODE = YES;
				CLANG_WARN__DUPLICATE_METHOD_MATCH = YES;
				"CODE_SIGN_IDENTITY[sdk=iphoneos*]" = "iPhone Developer";
				COPY_PHASE_STRIP = NO;
				DEBUG_INFORMATION_FORMAT = "dwarf-with-dsym";
				ENABLE_NS_ASSERTIONS = NO;
				ENABLE_STRICT_OBJC_MSGSEND = YES;
				GCC_C_LANGUAGE_STANDARD = gnu99;
				GCC_NO_COMMON_BLOCKS = YES;
				GCC_WARN_64_TO_32_BIT_CONVERSION = YES;
				GCC_WARN_ABOUT_RETURN_TYPE = YES_ERROR;
				GCC_WARN_UNDECLARED_SELECTOR = YES;
				GCC_WARN_UNINITIALIZED_AUTOS = YES_AGGRESSIVE;
				GCC_WARN_UNUSED_FUNCTION = YES;
				GCC_WARN_UNUSED_VARIABLE = YES;
				IPHONEOS_DEPLOYMENT_TARGET = 10.1;
				MTL_ENABLE_DEBUG_INFO = NO;
				SDKROOT = iphoneos;
				SWIFT_OPTIMIZATION_LEVEL = "-Owholemodule";
				VALIDATE_PRODUCT = YES;
			};
			name = Release;
		};
		AE9986821DDF098600C791EB /* Debug */ = {
			isa = XCBuildConfiguration;
			buildSettings = {
				ASSETCATALOG_COMPILER_APPICON_NAME = AppIcon;
				DEVELOPMENT_TEAM = 2EZDW5DVTJ;
				INFOPLIST_FILE = HapticFeedbackDemo/Info.plist;
				LD_RUNPATH_SEARCH_PATHS = "$(inherited) @executable_path/Frameworks";
				PRODUCT_BUNDLE_IDENTIFIER = com.patrickbalestra.HapticFeedbackDemo;
				PRODUCT_NAME = "$(TARGET_NAME)";
				SWIFT_VERSION = 3.0;
			};
			name = Debug;
		};
		AE9986831DDF098600C791EB /* Release */ = {
			isa = XCBuildConfiguration;
			buildSettings = {
				ASSETCATALOG_COMPILER_APPICON_NAME = AppIcon;
				DEVELOPMENT_TEAM = 2EZDW5DVTJ;
				INFOPLIST_FILE = HapticFeedbackDemo/Info.plist;
				LD_RUNPATH_SEARCH_PATHS = "$(inherited) @executable_path/Frameworks";
				PRODUCT_BUNDLE_IDENTIFIER = com.patrickbalestra.HapticFeedbackDemo;
				PRODUCT_NAME = "$(TARGET_NAME)";
				SWIFT_VERSION = 3.0;
			};
			name = Release;
		};
/* End XCBuildConfiguration section */

/* Begin XCConfigurationList section */
		AE99866A1DDF098600C791EB /* Build configuration list for PBXProject "HapticFeedbackDemo" */ = {
			isa = XCConfigurationList;
			buildConfigurations = (
				AE99867F1DDF098600C791EB /* Debug */,
				AE9986801DDF098600C791EB /* Release */,
			);
			defaultConfigurationIsVisible = 0;
			defaultConfigurationName = Release;
		};
		AE9986811DDF098600C791EB /* Build configuration list for PBXNativeTarget "HapticFeedbackDemo" */ = {
			isa = XCConfigurationList;
			buildConfigurations = (
				AE9986821DDF098600C791EB /* Debug */,
				AE9986831DDF098600C791EB /* Release */,
			);
			defaultConfigurationIsVisible = 0;
			defaultConfigurationName = Release;
		};
/* End XCConfigurationList section */
	};
	rootObject = AE9986671DDF098600C791EB /* Project object */;
}
